
Microsoft Visual Studio Solution File, Format Version 12.00
# Visual Studio 15
VisualStudioVersion = 15.0.27130.2010
MinimumVisualStudioVersion = 10.0.40219.1
Project("{FAE04EC0-301F-11D3-BF4B-00C04F79EFBC}") = "MVC5FullCalandarPlugin", "MVC5FullCalandarPlugin\MVC5FullCalandarPlugin.csproj", "{7AE1C8C0-7D0B-45D4-BE09-7B6B693132BE}"
EndProject
Project("{FAE04EC0-301F-11D3-BF4B-00C04F79EFBC}") = "testCalendario", "testCalendario\testCalendario.csproj", "{B0421597-E319-4B08-8427-5CC8E9E2F429}"
EndProject
Global
	GlobalSection(SolutionConfigurationPlatforms) = preSolution
		Debug|Any CPU = Debug|Any CPU
		Release|Any CPU = Release|Any CPU
	EndGlobalSection
	GlobalSection(ProjectConfigurationPlatforms) = postSolution
		{7AE1C8C0-7D0B-45D4-BE09-7B6B693132BE}.Debug|Any CPU.ActiveCfg = Debug|Any CPU
		{7AE1C8C0-7D0B-45D4-BE09-7B6B693132BE}.Debug|Any CPU.Build.0 = Debug|Any CPU
		{7AE1C8C0-7D0B-45D4-BE09-7B6B693132BE}.Release|Any CPU.ActiveCfg = Release|Any CPU
		{7AE1C8C0-7D0B-45D4-BE09-7B6B693132BE}.Release|Any CPU.Build.0 = Release|Any CPU
		{B0421597-E319-4B08-8427-5CC8E9E2F429}.Debug|Any CPU.ActiveCfg = Debug|Any CPU
		{B0421597-E319-4B08-8427-5CC8E9E2F429}.Debug|Any CPU.Build.0 = Debug|Any CPU
		{B0421597-E319-4B08-8427-5CC8E9E2F429}.Release|Any CPU.ActiveCfg = Release|Any CPU
		{B0421597-E319-4B08-8427-5CC8E9E2F429}.Release|Any CPU.Build.0 = Release|Any CPU
	EndGlobalSection
	GlobalSection(SolutionProperties) = preSolution
		HideSolutionNode = FALSE
	EndGlobalSection
	GlobalSection(ExtensibilityGlobals) = postSolution
		SolutionGuid = {DE93DD28-638C-482D-A96C-CDCE109113CB}
	EndGlobalSection
EndGlobal
